<?xml version="1.0" encoding="utf-8"?>
<Project ToolsVersion="4.0" xmlns="http://schemas.microsoft.com/developer/msbuild/2003">
  <ItemGroup>
    <ClCompile Include="AutoTest_ConstIterator.cpp">
      <Filter>AutoTest</Filter>
    </ClCompile>
    <ClCompile Include="AutoTest_DoubleLinkedList.cpp">
      <Filter>AutoTest</Filter>
    </ClCompile>
    <ClCompile Include="ManualTest_ConstIterator.cpp">
      <Filter>ManualTest</Filter>
    </ClCompile>
    <ClCompile Include="ManualTest_DoubleLinkedList.cpp">
      <Filter>ManualTest</Filter>
    </ClCompile>
  </ItemGroup>
  <ItemGroup>
    <ClInclude Include="ManualTest_ConstIterator.h">
      <Filter>ManualTest</Filter>
    </ClInclude>
    <ClInclude Include="ManualTest_DoubleLinkedList.h">
      <Filter>ManualTest</Filter>
    </ClInclude>
    <ClInclude Include="TestTool.h" />
  </ItemGroup>
  <ItemGroup>
    <Filter Include="AutoTest">
      <UniqueIdentifier>{7d944af3-6bd6-4414-a0f7-2690763d08f9}</UniqueIdentifier>
    </Filter>
    <Filter Include="ManualTest">
      <UniqueIdentifier>{822914b0-e731-4532-8875-0e415045419a}</UniqueIdentifier>
    </Filter>
  </ItemGroup>
</Project>